// !$*UTF8*$!
{
	archiveVersion = 1;
	classes = {
	};
	objectVersion = 48;
	objects = {

/* Begin PBXFileReference section */
		14767B381F8F528400FD17CF /* MIOApp.swift */ = {isa = PBXFileReference; lastKnownFileType = sourcecode.swift; path = MIOApp.swift; sourceTree = "<group>"; };
/* End PBXFileReference section */

/* Begin PBXGroup section */
		14767B301F8F526300FD17CF = {
			isa = PBXGroup;
			children = (
				14767B371F8F526E00FD17CF /* source */,
			);
			sourceTree = "<group>";
		};
		14767B371F8F526E00FD17CF /* source */ = {
			isa = PBXGroup;
			children = (
				14767B381F8F528400FD17CF /* MIOApp.swift */,
			);
			path = source;
			sourceTree = "<group>";
		};
/* End PBXGroup section */

/* Begin PBXProject section */
		14767B311F8F526300FD17CF /* Project object */ = {
			isa = PBXProject;
			attributes = {
				LastUpgradeCheck = 0900;
			};
			buildConfigurationList = 14767B341F8F526300FD17CF /* Build configuration list for PBXProject "MIOApp" */;
			compatibilityVersion = "Xcode 8.0";
			developmentRegion = en;
			hasScannedForEncodings = 0;
			knownRegions = (
				en,
			);
			mainGroup = 14767B301F8F526300FD17CF;
			projectDirPath = "";
			projectRoot = "";
			targets = (
			);
		};
/* End PBXProject section */

/* Begin XCBuildConfiguration section */
		14767B351F8F526300FD17CF /* Debug */ = {
			isa = XCBuildConfiguration;
			buildSettings = {
			};
			name = Debug;
		};
		14767B361F8F526300FD17CF /* Release */ = {
			isa = XCBuildConfiguration;
			buildSettings = {
			};
			name = Release;
		};
/* End XCBuildConfiguration section */

/* Begin XCConfigurationList section */
		14767B341F8F526300FD17CF /* Build configuration list for PBXProject "MIOApp" */ = {
			isa = XCConfigurationList;
			buildConfigurations = (
				14767B351F8F526300FD17CF /* Debug */,
				14767B361F8F526300FD17CF /* Release */,
			);
			defaultConfigurationIsVisible = 0;
			defaultConfigurationName = Release;
		};
/* End XCConfigurationList section */
	};
	rootObject = 14767B311F8F526300FD17CF /* Project object */;
}
