// !$*UTF8*$!
{
	archiveVersion = 1;
	classes = {
	};
	objectVersion = 50;
	objects = {

/* Begin PBXBuildFile section */
		14C7E6E0229E98DA003AB3C7 /* TableViewController.swift in Sources */ = {isa = PBXBuildFile; fileRef = 14C7E6DF229E98DA003AB3C7 /* TableViewController.swift */; };
		14E4603C229B06D600E03980 /* AppDelegate.swift in Sources */ = {isa = PBXBuildFile; fileRef = 14E4603B229B06D600E03980 /* AppDelegate.swift */; };
		14E4603E229B06D600E03980 /* ViewController.swift in Sources */ = {isa = PBXBuildFile; fileRef = 14E4603D229B06D600E03980 /* ViewController.swift */; };
		14E46041229B06D600E03980 /* Main.storyboard in Resources */ = {isa = PBXBuildFile; fileRef = 14E4603F229B06D600E03980 /* Main.storyboard */; };
		14E46044229B06D600E03980 /* Demo4App.xcdatamodeld in Sources */ = {isa = PBXBuildFile; fileRef = 14E46042229B06D600E03980 /* Demo4App.xcdatamodeld */; };
		14E46046229B06D800E03980 /* Assets.xcassets in Resources */ = {isa = PBXBuildFile; fileRef = 14E46045229B06D800E03980 /* Assets.xcassets */; };
		14E46049229B06D800E03980 /* LaunchScreen.storyboard in Resources */ = {isa = PBXBuildFile; fileRef = 14E46047229B06D800E03980 /* LaunchScreen.storyboard */; };
/* End PBXBuildFile section */

/* Begin PBXFileReference section */
		14C7E6DF229E98DA003AB3C7 /* TableViewController.swift */ = {isa = PBXFileReference; lastKnownFileType = sourcecode.swift; path = TableViewController.swift; sourceTree = "<group>"; };
		14E46038229B06D600E03980 /* Demo4App.app */ = {isa = PBXFileReference; explicitFileType = wrapper.application; includeInIndex = 0; path = Demo4App.app; sourceTree = BUILT_PRODUCTS_DIR; };
		14E4603B229B06D600E03980 /* AppDelegate.swift */ = {isa = PBXFileReference; lastKnownFileType = sourcecode.swift; path = AppDelegate.swift; sourceTree = "<group>"; };
		14E4603D229B06D600E03980 /* ViewController.swift */ = {isa = PBXFileReference; lastKnownFileType = sourcecode.swift; path = ViewController.swift; sourceTree = "<group>"; };
		14E46040229B06D600E03980 /* Base */ = {isa = PBXFileReference; lastKnownFileType = file.storyboard; name = Base; path = Base.lproj/Main.storyboard; sourceTree = "<group>"; };
		14E46043229B06D600E03980 /* Demo4App.xcdatamodel */ = {isa = PBXFileReference; lastKnownFileType = wrapper.xcdatamodel; path = Demo4App.xcdatamodel; sourceTree = "<group>"; };
		14E46045229B06D800E03980 /* Assets.xcassets */ = {isa = PBXFileReference; lastKnownFileType = folder.assetcatalog; path = Assets.xcassets; sourceTree = "<group>"; };
		14E46048229B06D800E03980 /* Base */ = {isa = PBXFileReference; lastKnownFileType = file.storyboard; name = Base; path = Base.lproj/LaunchScreen.storyboard; sourceTree = "<group>"; };
		14E4604A229B06D800E03980 /* Info.plist */ = {isa = PBXFileReference; lastKnownFileType = text.plist.xml; path = Info.plist; sourceTree = "<group>"; };
		ABE1E5FF229E9DB000F15E79 /* Movie+CoreDataClass.swift */ = {isa = PBXFileReference; lastKnownFileType = sourcecode.swift; path = "Movie+CoreDataClass.swift"; sourceTree = "<group>"; };
		ABE1E600229E9DB000F15E79 /* Movie+CoreDataProperties.swift */ = {isa = PBXFileReference; lastKnownFileType = sourcecode.swift; path = "Movie+CoreDataProperties.swift"; sourceTree = "<group>"; };
/* End PBXFileReference section */

/* Begin PBXFrameworksBuildPhase section */
		14E46035229B06D600E03980 /* Frameworks */ = {
			isa = PBXFrameworksBuildPhase;
			buildActionMask = 2147483647;
			files = (
			);
			runOnlyForDeploymentPostprocessing = 0;
		};
/* End PBXFrameworksBuildPhase section */

/* Begin PBXGroup section */
		14C7E6E1229E99E7003AB3C7 /* Model */ = {
			isa = PBXGroup;
			children = (
				ABE1E5FF229E9DB000F15E79 /* Movie+CoreDataClass.swift */,
				ABE1E600229E9DB000F15E79 /* Movie+CoreDataProperties.swift */,
				14E46042229B06D600E03980 /* Demo4App.xcdatamodeld */,
			);
			name = Model;
			sourceTree = "<group>";
		};
		14E4602F229B06D600E03980 = {
			isa = PBXGroup;
			children = (
				14E4603A229B06D600E03980 /* Demo4App */,
				14E46039229B06D600E03980 /* Products */,
			);
			sourceTree = "<group>";
		};
		14E46039229B06D600E03980 /* Products */ = {
			isa = PBXGroup;
			children = (
				14E46038229B06D600E03980 /* Demo4App.app */,
			);
			name = Products;
			sourceTree = "<group>";
		};
		14E4603A229B06D600E03980 /* Demo4App */ = {
			isa = PBXGroup;
			children = (
				14C7E6E1229E99E7003AB3C7 /* Model */,
				14E4603B229B06D600E03980 /* AppDelegate.swift */,
				14E4603D229B06D600E03980 /* ViewController.swift */,
				14C7E6DF229E98DA003AB3C7 /* TableViewController.swift */,
				14E4603F229B06D600E03980 /* Main.storyboard */,
				14E46045229B06D800E03980 /* Assets.xcassets */,
				14E46047229B06D800E03980 /* LaunchScreen.storyboard */,
				14E4604A229B06D800E03980 /* Info.plist */,
			);
			path = Demo4App;
			sourceTree = "<group>";
		};
/* End PBXGroup section */

/* Begin PBXNativeTarget section */
		14E46037229B06D600E03980 /* Demo4App */ = {
			isa = PBXNativeTarget;
			buildConfigurationList = 14E4604D229B06D800E03980 /* Build configuration list for PBXNativeTarget "Demo4App" */;
			buildPhases = (
				14E46034229B06D600E03980 /* Sources */,
				14E46035229B06D600E03980 /* Frameworks */,
				14E46036229B06D600E03980 /* Resources */,
			);
			buildRules = (
			);
			dependencies = (
			);
			name = Demo4App;
			productName = Demo4App;
			productReference = 14E46038229B06D600E03980 /* Demo4App.app */;
			productType = "com.apple.product-type.application";
		};
/* End PBXNativeTarget section */

/* Begin PBXProject section */
		14E46030229B06D600E03980 /* Project object */ = {
			isa = PBXProject;
			attributes = {
				LastSwiftUpdateCheck = 1020;
				LastUpgradeCheck = 1020;
				ORGANIZATIONNAME = "Javier Segura Perez";
				TargetAttributes = {
					14E46037229B06D600E03980 = {
						CreatedOnToolsVersion = 10.2.1;
					};
				};
			};
			buildConfigurationList = 14E46033229B06D600E03980 /* Build configuration list for PBXProject "Demo4App" */;
			compatibilityVersion = "Xcode 9.3";
			developmentRegion = en;
			hasScannedForEncodings = 0;
			knownRegions = (
				en,
				Base,
			);
			mainGroup = 14E4602F229B06D600E03980;
			productRefGroup = 14E46039229B06D600E03980 /* Products */;
			projectDirPath = "";
			projectRoot = "";
			targets = (
				14E46037229B06D600E03980 /* Demo4App */,
			);
		};
/* End PBXProject section */

/* Begin PBXResourcesBuildPhase section */
		14E46036229B06D600E03980 /* Resources */ = {
			isa = PBXResourcesBuildPhase;
			buildActionMask = 2147483647;
			files = (
				14E46049229B06D800E03980 /* LaunchScreen.storyboard in Resources */,
				14E46046229B06D800E03980 /* Assets.xcassets in Resources */,
				14E46041229B06D600E03980 /* Main.storyboard in Resources */,
			);
			runOnlyForDeploymentPostprocessing = 0;
		};
/* End PBXResourcesBuildPhase section */

/* Begin PBXSourcesBuildPhase section */
		14E46034229B06D600E03980 /* Sources */ = {
			isa = PBXSourcesBuildPhase;
			buildActionMask = 2147483647;
			files = (
				14E4603E229B06D600E03980 /* ViewController.swift in Sources */,
				14E46044229B06D600E03980 /* Demo4App.xcdatamodeld in Sources */,
				14E4603C229B06D600E03980 /* AppDelegate.swift in Sources */,
				14C7E6E0229E98DA003AB3C7 /* TableViewController.swift in Sources */,
			);
			runOnlyForDeploymentPostprocessing = 0;
		};
/* End PBXSourcesBuildPhase section */

/* Begin PBXVariantGroup section */
		14E4603F229B06D600E03980 /* Main.storyboard */ = {
			isa = PBXVariantGroup;
			children = (
				14E46040229B06D600E03980 /* Base */,
			);
			name = Main.storyboard;
			sourceTree = "<group>";
		};
		14E46047229B06D800E03980 /* LaunchScreen.storyboard */ = {
			isa = PBXVariantGroup;
			children = (
				14E46048229B06D800E03980 /* Base */,
			);
			name = LaunchScreen.storyboard;
			sourceTree = "<group>";
		};
/* End PBXVariantGroup section */

/* Begin XCBuildConfiguration section */
		14E4604B229B06D800E03980 /* Debug */ = {
			isa = XCBuildConfiguration;
			buildSettings = {
				ALWAYS_SEARCH_USER_PATHS = NO;
				CLANG_ANALYZER_NONNULL = YES;
				CLANG_ANALYZER_NUMBER_OBJECT_CONVERSION = YES_AGGRESSIVE;
				CLANG_CXX_LANGUAGE_STANDARD = "gnu++14";
				CLANG_CXX_LIBRARY = "libc++";
				CLANG_ENABLE_MODULES = YES;
				CLANG_ENABLE_OBJC_ARC = YES;
				CLANG_ENABLE_OBJC_WEAK = YES;
				CLANG_WARN_BLOCK_CAPTURE_AUTORELEASING = YES;
				CLANG_WARN_BOOL_CONVERSION = YES;
				CLANG_WARN_COMMA = YES;
				CLANG_WARN_CONSTANT_CONVERSION = YES;
				CLANG_WARN_DEPRECATED_OBJC_IMPLEMENTATIONS = YES;
				CLANG_WARN_DIRECT_OBJC_ISA_USAGE = YES_ERROR;
				CLANG_WARN_DOCUMENTATION_COMMENTS = YES;
				CLANG_WARN_EMPTY_BODY = YES;
				CLANG_WARN_ENUM_CONVERSION = YES;
				CLANG_WARN_INFINITE_RECURSION = YES;
				CLANG_WARN_INT_CONVERSION = YES;
				CLANG_WARN_NON_LITERAL_NULL_CONVERSION = YES;
				CLANG_WARN_OBJC_IMPLICIT_RETAIN_SELF = YES;
				CLANG_WARN_OBJC_LITERAL_CONVERSION = YES;
				CLANG_WARN_OBJC_ROOT_CLASS = YES_ERROR;
				CLANG_WARN_RANGE_LOOP_ANALYSIS = YES;
				CLANG_WARN_STRICT_PROTOTYPES = YES;
				CLANG_WARN_SUSPICIOUS_MOVE = YES;
				CLANG_WARN_UNGUARDED_AVAILABILITY = YES_AGGRESSIVE;
				CLANG_WARN_UNREACHABLE_CODE = YES;
				CLANG_WARN__DUPLICATE_METHOD_MATCH = YES;
				CODE_SIGN_IDENTITY = "iPhone Developer";
				COPY_PHASE_STRIP = NO;
				DEBUG_INFORMATION_FORMAT = dwarf;
				ENABLE_STRICT_OBJC_MSGSEND = YES;
				ENABLE_TESTABILITY = YES;
				GCC_C_LANGUAGE_STANDARD = gnu11;
				GCC_DYNAMIC_NO_PIC = NO;
				GCC_NO_COMMON_BLOCKS = YES;
				GCC_OPTIMIZATION_LEVEL = 0;
				GCC_PREPROCESSOR_DEFINITIONS = (
					"DEBUG=1",
					"$(inherited)",
				);
				GCC_WARN_64_TO_32_BIT_CONVERSION = YES;
				GCC_WARN_ABOUT_RETURN_TYPE = YES_ERROR;
				GCC_WARN_UNDECLARED_SELECTOR = YES;
				GCC_WARN_UNINITIALIZED_AUTOS = YES_AGGRESSIVE;
				GCC_WARN_UNUSED_FUNCTION = YES;
				GCC_WARN_UNUSED_VARIABLE = YES;
				IPHONEOS_DEPLOYMENT_TARGET = 12.2;
				MTL_ENABLE_DEBUG_INFO = INCLUDE_SOURCE;
				MTL_FAST_MATH = YES;
				ONLY_ACTIVE_ARCH = YES;
				SDKROOT = iphoneos;
				SWIFT_ACTIVE_COMPILATION_CONDITIONS = DEBUG;
				SWIFT_OPTIMIZATION_LEVEL = "-Onone";
			};
			name = Debug;
		};
		14E4604C229B06D800E03980 /* Release */ = {
			isa = XCBuildConfiguration;
			buildSettings = {
				ALWAYS_SEARCH_USER_PATHS = NO;
				CLANG_ANALYZER_NONNULL = YES;
				CLANG_ANALYZER_NUMBER_OBJECT_CONVERSION = YES_AGGRESSIVE;
				CLANG_CXX_LANGUAGE_STANDARD = "gnu++14";
				CLANG_CXX_LIBRARY = "libc++";
				CLANG_ENABLE_MODULES = YES;
				CLANG_ENABLE_OBJC_ARC = YES;
				CLANG_ENABLE_OBJC_WEAK = YES;
				CLANG_WARN_BLOCK_CAPTURE_AUTORELEASING = YES;
				CLANG_WARN_BOOL_CONVERSION = YES;
				CLANG_WARN_COMMA = YES;
				CLANG_WARN_CONSTANT_CONVERSION = YES;
				CLANG_WARN_DEPRECATED_OBJC_IMPLEMENTATIONS = YES;
				CLANG_WARN_DIRECT_OBJC_ISA_USAGE = YES_ERROR;
				CLANG_WARN_DOCUMENTATION_COMMENTS = YES;
				CLANG_WARN_EMPTY_BODY = YES;
				CLANG_WARN_ENUM_CONVERSION = YES;
				CLANG_WARN_INFINITE_RECURSION = YES;
				CLANG_WARN_INT_CONVERSION = YES;
				CLANG_WARN_NON_LITERAL_NULL_CONVERSION = YES;
				CLANG_WARN_OBJC_IMPLICIT_RETAIN_SELF = YES;
				CLANG_WARN_OBJC_LITERAL_CONVERSION = YES;
				CLANG_WARN_OBJC_ROOT_CLASS = YES_ERROR;
				CLANG_WARN_RANGE_LOOP_ANALYSIS = YES;
				CLANG_WARN_STRICT_PROTOTYPES = YES;
				CLANG_WARN_SUSPICIOUS_MOVE = YES;
				CLANG_WARN_UNGUARDED_AVAILABILITY = YES_AGGRESSIVE;
				CLANG_WARN_UNREACHABLE_CODE = YES;
				CLANG_WARN__DUPLICATE_METHOD_MATCH = YES;
				CODE_SIGN_IDENTITY = "iPhone Developer";
				COPY_PHASE_STRIP = NO;
				DEBUG_INFORMATION_FORMAT = "dwarf-with-dsym";
				ENABLE_NS_ASSERTIONS = NO;
				ENABLE_STRICT_OBJC_MSGSEND = YES;
				GCC_C_LANGUAGE_STANDARD = gnu11;
				GCC_NO_COMMON_BLOCKS = YES;
				GCC_WARN_64_TO_32_BIT_CONVERSION = YES;
				GCC_WARN_ABOUT_RETURN_TYPE = YES_ERROR;
				GCC_WARN_UNDECLARED_SELECTOR = YES;
				GCC_WARN_UNINITIALIZED_AUTOS = YES_AGGRESSIVE;
				GCC_WARN_UNUSED_FUNCTION = YES;
				GCC_WARN_UNUSED_VARIABLE = YES;
				IPHONEOS_DEPLOYMENT_TARGET = 12.2;
				MTL_ENABLE_DEBUG_INFO = NO;
				MTL_FAST_MATH = YES;
				SDKROOT = iphoneos;
				SWIFT_COMPILATION_MODE = wholemodule;
				SWIFT_OPTIMIZATION_LEVEL = "-O";
				VALIDATE_PRODUCT = YES;
			};
			name = Release;
		};
		14E4604E229B06D800E03980 /* Debug */ = {
			isa = XCBuildConfiguration;
			buildSettings = {
				ASSETCATALOG_COMPILER_APPICON_NAME = AppIcon;
				CODE_SIGN_STYLE = Automatic;
				DEVELOPMENT_TEAM = 53X2422NYU;
				INFOPLIST_FILE = Demo4App/Info.plist;
				LD_RUNPATH_SEARCH_PATHS = (
					"$(inherited)",
					"@executable_path/Frameworks",
				);
				PRODUCT_BUNDLE_IDENTIFIER = com.miolabs.Demo4App;
				PRODUCT_NAME = "$(TARGET_NAME)";
				SWIFT_VERSION = 5.0;
				TARGETED_DEVICE_FAMILY = "1,2";
			};
			name = Debug;
		};
		14E4604F229B06D800E03980 /* Release */ = {
			isa = XCBuildConfiguration;
			buildSettings = {
				ASSETCATALOG_COMPILER_APPICON_NAME = AppIcon;
				CODE_SIGN_STYLE = Automatic;
				DEVELOPMENT_TEAM = 53X2422NYU;
				INFOPLIST_FILE = Demo4App/Info.plist;
				LD_RUNPATH_SEARCH_PATHS = (
					"$(inherited)",
					"@executable_path/Frameworks",
				);
				PRODUCT_BUNDLE_IDENTIFIER = com.miolabs.Demo4App;
				PRODUCT_NAME = "$(TARGET_NAME)";
				SWIFT_VERSION = 5.0;
				TARGETED_DEVICE_FAMILY = "1,2";
			};
			name = Release;
		};
/* End XCBuildConfiguration section */

/* Begin XCConfigurationList section */
		14E46033229B06D600E03980 /* Build configuration list for PBXProject "Demo4App" */ = {
			isa = XCConfigurationList;
			buildConfigurations = (
				14E4604B229B06D800E03980 /* Debug */,
				14E4604C229B06D800E03980 /* Release */,
			);
			defaultConfigurationIsVisible = 0;
			defaultConfigurationName = Release;
		};
		14E4604D229B06D800E03980 /* Build configuration list for PBXNativeTarget "Demo4App" */ = {
			isa = XCConfigurationList;
			buildConfigurations = (
				14E4604E229B06D800E03980 /* Debug */,
				14E4604F229B06D800E03980 /* Release */,
			);
			defaultConfigurationIsVisible = 0;
			defaultConfigurationName = Release;
		};
/* End XCConfigurationList section */

/* Begin XCVersionGroup section */
		14E46042229B06D600E03980 /* Demo4App.xcdatamodeld */ = {
			isa = XCVersionGroup;
			children = (
				14E46043229B06D600E03980 /* Demo4App.xcdatamodel */,
			);
			currentVersion = 14E46043229B06D600E03980 /* Demo4App.xcdatamodel */;
			path = Demo4App.xcdatamodeld;
			sourceTree = "<group>";
			versionGroupType = wrapper.xcdatamodel;
		};
/* End XCVersionGroup section */
	};
	rootObject = 14E46030229B06D600E03980 /* Project object */;
}
