{
  "name": "apple-uikit",
  "version": "1.0.0",
  "lockfileVersion": 1,
  "requires": true,
  "dependencies": {
    "mio-foundation-web": {
      "version": "1.0.1",
      "resolved": "https://registry.npmjs.org/mio-foundation-web/-/mio-foundation-web-1.0.1.tgz",
      "integrity": "sha512-t3TFr2iag6FkvBr+aNL9UyK86X6F7ZJnAD0o93g6QZLNNk9MT0K3mMuk8fbV0IxrdZxsqkrkCHhiZfphTTlfEg==",
      "dev": true
    }
  }
}
